// !$*UTF8*$!
{
	archiveVersion = 1;
	classes = {
	};
	objectVersion = 56;
	objects = {

/* Begin PBXBuildFile section */
		6C8476682C99DFD500562F5C /* AppDelegate.swift in Sources */ = {isa = PBXBuildFile; fileRef = 6C8476672C99DFD500562F5C /* AppDelegate.swift */; };
		6C84766A2C99DFD500562F5C /* GameScene.sks in Resources */ = {isa = PBXBuildFile; fileRef = 6C8476692C99DFD500562F5C /* GameScene.sks */; };
		6C84766C2C99DFD500562F5C /* Actions.sks in Resources */ = {isa = PBXBuildFile; fileRef = 6C84766B2C99DFD500562F5C /* Actions.sks */; };
		6C84766E2C99DFD500562F5C /* GameScene.swift in Sources */ = {isa = PBXBuildFile; fileRef = 6C84766D2C99DFD500562F5C /* GameScene.swift */; };
		6C8476702C99DFD500562F5C /* GameViewController.swift in Sources */ = {isa = PBXBuildFile; fileRef = 6C84766F2C99DFD500562F5C /* GameViewController.swift */; };
		6C8476732C99DFD500562F5C /* Base in Resources */ = {isa = PBXBuildFile; fileRef = 6C8476722C99DFD500562F5C /* Base */; };
		6C8476752C99DFD700562F5C /* Assets.xcassets in Resources */ = {isa = PBXBuildFile; fileRef = 6C8476742C99DFD700562F5C /* Assets.xcassets */; };
		6C8476782C99DFD700562F5C /* Base in Resources */ = {isa = PBXBuildFile; fileRef = 6C8476772C99DFD700562F5C /* Base */; };
		6C8476AE2C9B446600562F5C /* 6896247 1-1.png in Resources */ = {isa = PBXBuildFile; fileRef = 6C84767E2C9B446600562F5C /* 6896247 1-1.png */; };
		6C8476AF2C9B446600562F5C /* 6896247 1.png in Resources */ = {isa = PBXBuildFile; fileRef = 6C84767F2C9B446600562F5C /* 6896247 1.png */; };
		6C8476B02C9B446600562F5C /* At the beginning of the game, the required number of goals is indicated.png in Resources */ = {isa = PBXBuildFile; fileRef = 6C8476802C9B446600562F5C /* At the beginning of the game, the required number of goals is indicated.png */; };
		6C8476B22C9B446600562F5C /* goal-1.png in Resources */ = {isa = PBXBuildFile; fileRef = 6C8476822C9B446600562F5C /* goal-1.png */; };
		6C8476B32C9B446600562F5C /* goal-2.png in Resources */ = {isa = PBXBuildFile; fileRef = 6C8476832C9B446600562F5C /* goal-2.png */; };
		6C8476B42C9B446600562F5C /* goal.png in Resources */ = {isa = PBXBuildFile; fileRef = 6C8476842C9B446600562F5C /* goal.png */; };
		6C8476B72C9B446600562F5C /* Group 6.png in Resources */ = {isa = PBXBuildFile; fileRef = 6C8476872C9B446600562F5C /* Group 6.png */; };
		6C8476BC2C9B446600562F5C /* Group 13.png in Resources */ = {isa = PBXBuildFile; fileRef = 6C84768C2C9B446600562F5C /* Group 13.png */; };
		6C8476BD2C9B446600562F5C /* Group 15.png in Resources */ = {isa = PBXBuildFile; fileRef = 6C84768D2C9B446600562F5C /* Group 15.png */; };
		6C8476BE2C9B446600562F5C /* Group 16.png in Resources */ = {isa = PBXBuildFile; fileRef = 6C84768E2C9B446600562F5C /* Group 16.png */; };
		6C8476BF2C9B446600562F5C /* Group 17.png in Resources */ = {isa = PBXBuildFile; fileRef = 6C84768F2C9B446600562F5C /* Group 17.png */; };
		6C8476C02C9B446600562F5C /* Group 18.png in Resources */ = {isa = PBXBuildFile; fileRef = 6C8476902C9B446600562F5C /* Group 18.png */; };
		6C8476C12C9B446600562F5C /* Group 19.png in Resources */ = {isa = PBXBuildFile; fileRef = 6C8476912C9B446600562F5C /* Group 19.png */; };
		6C8476C22C9B446600562F5C /* Group 20.png in Resources */ = {isa = PBXBuildFile; fileRef = 6C8476922C9B446600562F5C /* Group 20.png */; };
		6C8476C32C9B446600562F5C /* Group 31-1.png in Resources */ = {isa = PBXBuildFile; fileRef = 6C8476932C9B446600562F5C /* Group 31-1.png */; };
		6C8476C42C9B446600562F5C /* Group 31.png in Resources */ = {isa = PBXBuildFile; fileRef = 6C8476942C9B446600562F5C /* Group 31.png */; };
		6C8476C52C9B446600562F5C /* Group 32-1.png in Resources */ = {isa = PBXBuildFile; fileRef = 6C8476952C9B446600562F5C /* Group 32-1.png */; };
		6C8476C62C9B446600562F5C /* Group 32.png in Resources */ = {isa = PBXBuildFile; fileRef = 6C8476962C9B446600562F5C /* Group 32.png */; };
		6C8476C72C9B446600562F5C /* Group 33.png in Resources */ = {isa = PBXBuildFile; fileRef = 6C8476972C9B446600562F5C /* Group 33.png */; };
		6C8476C82C9B446600562F5C /* Group 34.png in Resources */ = {isa = PBXBuildFile; fileRef = 6C8476982C9B446600562F5C /* Group 34.png */; };
		6C8476C92C9B446600562F5C /* Group 35.png in Resources */ = {isa = PBXBuildFile; fileRef = 6C8476992C9B446600562F5C /* Group 35.png */; };
		6C8476CA2C9B446600562F5C /* Group 38.png in Resources */ = {isa = PBXBuildFile; fileRef = 6C84769A2C9B446600562F5C /* Group 38.png */; };
		6C8476CB2C9B446600562F5C /* Group 39.png in Resources */ = {isa = PBXBuildFile; fileRef = 6C84769B2C9B446600562F5C /* Group 39.png */; };
		6C8476CC2C9B446600562F5C /* Group 40.png in Resources */ = {isa = PBXBuildFile; fileRef = 6C84769C2C9B446600562F5C /* Group 40.png */; };
		6C8476CD2C9B446600562F5C /* Group 41.png in Resources */ = {isa = PBXBuildFile; fileRef = 6C84769D2C9B446600562F5C /* Group 41.png */; };
		6C8476CE2C9B446600562F5C /* Group 44.png in Resources */ = {isa = PBXBuildFile; fileRef = 6C84769E2C9B446600562F5C /* Group 44.png */; };
		6C8476CF2C9B446600562F5C /* Group 45.png in Resources */ = {isa = PBXBuildFile; fileRef = 6C84769F2C9B446600562F5C /* Group 45.png */; };
		6C8476D02C9B446600562F5C /* Group.png in Resources */ = {isa = PBXBuildFile; fileRef = 6C8476A02C9B446600562F5C /* Group.png */; };
		6C8476D12C9B446600562F5C /* Popup.png in Resources */ = {isa = PBXBuildFile; fileRef = 6C8476A12C9B446600562F5C /* Popup.png */; };
		6C8476D22C9B446600562F5C /* Rectangle 12.png in Resources */ = {isa = PBXBuildFile; fileRef = 6C8476A22C9B446600562F5C /* Rectangle 12.png */; };
		6C8476D32C9B446600562F5C /* Rectangle 13.png in Resources */ = {isa = PBXBuildFile; fileRef = 6C8476A32C9B446600562F5C /* Rectangle 13.png */; };
		6C8476D42C9B446600562F5C /* Rectangle 14.png in Resources */ = {isa = PBXBuildFile; fileRef = 6C8476A42C9B446600562F5C /* Rectangle 14.png */; };
		6C8476D52C9B446600562F5C /* Rectangle 15.png in Resources */ = {isa = PBXBuildFile; fileRef = 6C8476A52C9B446600562F5C /* Rectangle 15.png */; };
		6C8476D62C9B446600562F5C /* Tablo-1.png in Resources */ = {isa = PBXBuildFile; fileRef = 6C8476A62C9B446600562F5C /* Tablo-1.png */; };
		6C8476D72C9B446600562F5C /* Tablo-2.png in Resources */ = {isa = PBXBuildFile; fileRef = 6C8476A72C9B446600562F5C /* Tablo-2.png */; };
		6C8476D82C9B446600562F5C /* Tablo.png in Resources */ = {isa = PBXBuildFile; fileRef = 6C8476A82C9B446600562F5C /* Tablo.png */; };
		6C8476D92C9B446600562F5C /* The character is controlled using touch gestures (that is, the finger will follow the player's finger on the screen).png in Resources */ = {isa = PBXBuildFile; fileRef = 6C8476A92C9B446600562F5C /* The character is controlled using touch gestures (that is, the finger will follow the player's finger on the screen).png */; };
		6C8476DA2C9B446600562F5C /* The scoreboard shows your goals, your opponent's goals and the match time.png in Resources */ = {isa = PBXBuildFile; fileRef = 6C8476AA2C9B446600562F5C /* The scoreboard shows your goals, your opponent's goals and the match time.png */; };
		6C8476DB2C9B446600562F5C /* Welcome to the world of football.png in Resources */ = {isa = PBXBuildFile; fileRef = 6C8476AB2C9B446600562F5C /* Welcome to the world of football.png */; };
		6C8476DC2C9B446600562F5C /* When you press the button, freezes the enemy for 1-2 seconds, giving the player a chance to score a goal.png in Resources */ = {isa = PBXBuildFile; fileRef = 6C8476AC2C9B446600562F5C /* When you press the button, freezes the enemy for 1-2 seconds, giving the player a chance to score a goal.png */; };
/* End PBXBuildFile section */

/* Begin PBXFileReference section */
		6C8476642C99DFD500562F5C /* FootballKitPro.app */ = {isa = PBXFileReference; explicitFileType = wrapper.application; includeInIndex = 0; path = FootballKitPro.app; sourceTree = BUILT_PRODUCTS_DIR; };
		6C8476672C99DFD500562F5C /* AppDelegate.swift */ = {isa = PBXFileReference; lastKnownFileType = sourcecode.swift; path = AppDelegate.swift; sourceTree = "<group>"; };
		6C8476692C99DFD500562F5C /* GameScene.sks */ = {isa = PBXFileReference; lastKnownFileType = file.sks; path = GameScene.sks; sourceTree = "<group>"; };
		6C84766B2C99DFD500562F5C /* Actions.sks */ = {isa = PBXFileReference; lastKnownFileType = file.sks; path = Actions.sks; sourceTree = "<group>"; };
		6C84766D2C99DFD500562F5C /* GameScene.swift */ = {isa = PBXFileReference; lastKnownFileType = sourcecode.swift; path = GameScene.swift; sourceTree = "<group>"; };
		6C84766F2C99DFD500562F5C /* GameViewController.swift */ = {isa = PBXFileReference; lastKnownFileType = sourcecode.swift; path = GameViewController.swift; sourceTree = "<group>"; };
		6C8476722C99DFD500562F5C /* Base */ = {isa = PBXFileReference; lastKnownFileType = file.storyboard; name = Base; path = Base.lproj/Main.storyboard; sourceTree = "<group>"; };
		6C8476742C99DFD700562F5C /* Assets.xcassets */ = {isa = PBXFileReference; lastKnownFileType = folder.assetcatalog; path = Assets.xcassets; sourceTree = "<group>"; };
		6C8476772C99DFD700562F5C /* Base */ = {isa = PBXFileReference; lastKnownFileType = file.storyboard; name = Base; path = Base.lproj/LaunchScreen.storyboard; sourceTree = "<group>"; };
		6C84767E2C9B446600562F5C /* 6896247 1-1.png */ = {isa = PBXFileReference; lastKnownFileType = image.png; path = "6896247 1-1.png"; sourceTree = "<group>"; };
		6C84767F2C9B446600562F5C /* 6896247 1.png */ = {isa = PBXFileReference; lastKnownFileType = image.png; path = "6896247 1.png"; sourceTree = "<group>"; };
		6C8476802C9B446600562F5C /* At the beginning of the game, the required number of goals is indicated.png */ = {isa = PBXFileReference; lastKnownFileType = image.png; path = "At the beginning of the game, the required number of goals is indicated.png"; sourceTree = "<group>"; };
		6C8476822C9B446600562F5C /* goal-1.png */ = {isa = PBXFileReference; lastKnownFileType = image.png; path = "goal-1.png"; sourceTree = "<group>"; };
		6C8476832C9B446600562F5C /* goal-2.png */ = {isa = PBXFileReference; lastKnownFileType = image.png; path = "goal-2.png"; sourceTree = "<group>"; };
		6C8476842C9B446600562F5C /* goal.png */ = {isa = PBXFileReference; lastKnownFileType = image.png; path = goal.png; sourceTree = "<group>"; };
		6C8476872C9B446600562F5C /* Group 6.png */ = {isa = PBXFileReference; lastKnownFileType = image.png; path = "Group 6.png"; sourceTree = "<group>"; };
		6C84768C2C9B446600562F5C /* Group 13.png */ = {isa = PBXFileReference; lastKnownFileType = image.png; path = "Group 13.png"; sourceTree = "<group>"; };
		6C84768D2C9B446600562F5C /* Group 15.png */ = {isa = PBXFileReference; lastKnownFileType = image.png; path = "Group 15.png"; sourceTree = "<group>"; };
		6C84768E2C9B446600562F5C /* Group 16.png */ = {isa = PBXFileReference; lastKnownFileType = image.png; path = "Group 16.png"; sourceTree = "<group>"; };
		6C84768F2C9B446600562F5C /* Group 17.png */ = {isa = PBXFileReference; lastKnownFileType = image.png; path = "Group 17.png"; sourceTree = "<group>"; };
		6C8476902C9B446600562F5C /* Group 18.png */ = {isa = PBXFileReference; lastKnownFileType = image.png; path = "Group 18.png"; sourceTree = "<group>"; };
		6C8476912C9B446600562F5C /* Group 19.png */ = {isa = PBXFileReference; lastKnownFileType = image.png; path = "Group 19.png"; sourceTree = "<group>"; };
		6C8476922C9B446600562F5C /* Group 20.png */ = {isa = PBXFileReference; lastKnownFileType = image.png; path = "Group 20.png"; sourceTree = "<group>"; };
		6C8476932C9B446600562F5C /* Group 31-1.png */ = {isa = PBXFileReference; lastKnownFileType = image.png; path = "Group 31-1.png"; sourceTree = "<group>"; };
		6C8476942C9B446600562F5C /* Group 31.png */ = {isa = PBXFileReference; lastKnownFileType = image.png; path = "Group 31.png"; sourceTree = "<group>"; };
		6C8476952C9B446600562F5C /* Group 32-1.png */ = {isa = PBXFileReference; lastKnownFileType = image.png; path = "Group 32-1.png"; sourceTree = "<group>"; };
		6C8476962C9B446600562F5C /* Group 32.png */ = {isa = PBXFileReference; lastKnownFileType = image.png; path = "Group 32.png"; sourceTree = "<group>"; };
		6C8476972C9B446600562F5C /* Group 33.png */ = {isa = PBXFileReference; lastKnownFileType = image.png; path = "Group 33.png"; sourceTree = "<group>"; };
		6C8476982C9B446600562F5C /* Group 34.png */ = {isa = PBXFileReference; lastKnownFileType = image.png; path = "Group 34.png"; sourceTree = "<group>"; };
		6C8476992C9B446600562F5C /* Group 35.png */ = {isa = PBXFileReference; lastKnownFileType = image.png; path = "Group 35.png"; sourceTree = "<group>"; };
		6C84769A2C9B446600562F5C /* Group 38.png */ = {isa = PBXFileReference; lastKnownFileType = image.png; path = "Group 38.png"; sourceTree = "<group>"; };
		6C84769B2C9B446600562F5C /* Group 39.png */ = {isa = PBXFileReference; lastKnownFileType = image.png; path = "Group 39.png"; sourceTree = "<group>"; };
		6C84769C2C9B446600562F5C /* Group 40.png */ = {isa = PBXFileReference; lastKnownFileType = image.png; path = "Group 40.png"; sourceTree = "<group>"; };
		6C84769D2C9B446600562F5C /* Group 41.png */ = {isa = PBXFileReference; lastKnownFileType = image.png; path = "Group 41.png"; sourceTree = "<group>"; };
		6C84769E2C9B446600562F5C /* Group 44.png */ = {isa = PBXFileReference; lastKnownFileType = image.png; path = "Group 44.png"; sourceTree = "<group>"; };
		6C84769F2C9B446600562F5C /* Group 45.png */ = {isa = PBXFileReference; lastKnownFileType = image.png; path = "Group 45.png"; sourceTree = "<group>"; };
		6C8476A02C9B446600562F5C /* Group.png */ = {isa = PBXFileReference; lastKnownFileType = image.png; path = Group.png; sourceTree = "<group>"; };
		6C8476A12C9B446600562F5C /* Popup.png */ = {isa = PBXFileReference; lastKnownFileType = image.png; path = Popup.png; sourceTree = "<group>"; };
		6C8476A22C9B446600562F5C /* Rectangle 12.png */ = {isa = PBXFileReference; lastKnownFileType = image.png; path = "Rectangle 12.png"; sourceTree = "<group>"; };
		6C8476A32C9B446600562F5C /* Rectangle 13.png */ = {isa = PBXFileReference; lastKnownFileType = image.png; path = "Rectangle 13.png"; sourceTree = "<group>"; };
		6C8476A42C9B446600562F5C /* Rectangle 14.png */ = {isa = PBXFileReference; lastKnownFileType = image.png; path = "Rectangle 14.png"; sourceTree = "<group>"; };
		6C8476A52C9B446600562F5C /* Rectangle 15.png */ = {isa = PBXFileReference; lastKnownFileType = image.png; path = "Rectangle 15.png"; sourceTree = "<group>"; };
		6C8476A62C9B446600562F5C /* Tablo-1.png */ = {isa = PBXFileReference; lastKnownFileType = image.png; path = "Tablo-1.png"; sourceTree = "<group>"; };
		6C8476A72C9B446600562F5C /* Tablo-2.png */ = {isa = PBXFileReference; lastKnownFileType = image.png; path = "Tablo-2.png"; sourceTree = "<group>"; };
		6C8476A82C9B446600562F5C /* Tablo.png */ = {isa = PBXFileReference; lastKnownFileType = image.png; path = Tablo.png; sourceTree = "<group>"; };
		6C8476A92C9B446600562F5C /* The character is controlled using touch gestures (that is, the finger will follow the player's finger on the screen).png */ = {isa = PBXFileReference; lastKnownFileType = image.png; path = "The character is controlled using touch gestures (that is, the finger will follow the player's finger on the screen).png"; sourceTree = "<group>"; };
		6C8476AA2C9B446600562F5C /* The scoreboard shows your goals, your opponent's goals and the match time.png */ = {isa = PBXFileReference; lastKnownFileType = image.png; path = "The scoreboard shows your goals, your opponent's goals and the match time.png"; sourceTree = "<group>"; };
		6C8476AB2C9B446600562F5C /* Welcome to the world of football.png */ = {isa = PBXFileReference; lastKnownFileType = image.png; path = "Welcome to the world of football.png"; sourceTree = "<group>"; };
		6C8476AC2C9B446600562F5C /* When you press the button, freezes the enemy for 1-2 seconds, giving the player a chance to score a goal.png */ = {isa = PBXFileReference; lastKnownFileType = image.png; path = "When you press the button, freezes the enemy for 1-2 seconds, giving the player a chance to score a goal.png"; sourceTree = "<group>"; };
/* End PBXFileReference section */

/* Begin PBXFrameworksBuildPhase section */
		6C8476612C99DFD500562F5C /* Frameworks */ = {
			isa = PBXFrameworksBuildPhase;
			buildActionMask = 2147483647;
			files = (
			);
			runOnlyForDeploymentPostprocessing = 0;
		};
/* End PBXFrameworksBuildPhase section */

/* Begin PBXGroup section */
		6C84765B2C99DFD500562F5C = {
			isa = PBXGroup;
			children = (
				6C8476662C99DFD500562F5C /* FootballKitPro */,
				6C8476652C99DFD500562F5C /* Products */,
			);
			sourceTree = "<group>";
		};
		6C8476652C99DFD500562F5C /* Products */ = {
			isa = PBXGroup;
			children = (
				6C8476642C99DFD500562F5C /* FootballKitPro.app */,
			);
			name = Products;
			sourceTree = "<group>";
		};
		6C8476662C99DFD500562F5C /* FootballKitPro */ = {
			isa = PBXGroup;
			children = (
				6C8476672C99DFD500562F5C /* AppDelegate.swift */,
				6C8476692C99DFD500562F5C /* GameScene.sks */,
				6C84766B2C99DFD500562F5C /* Actions.sks */,
				6C84766D2C99DFD500562F5C /* GameScene.swift */,
				6C84766F2C99DFD500562F5C /* GameViewController.swift */,
				6C8476712C99DFD500562F5C /* Main.storyboard */,
				6C8476742C99DFD700562F5C /* Assets.xcassets */,
				6C8476762C99DFD700562F5C /* LaunchScreen.storyboard */,
				6C8476AD2C9B446600562F5C /* 1win soccer_ui */,
			);
			path = FootballKitPro;
			sourceTree = "<group>";
		};
		6C8476AD2C9B446600562F5C /* 1win soccer_ui */ = {
			isa = PBXGroup;
			children = (
				6C84767E2C9B446600562F5C /* 6896247 1-1.png */,
				6C84767F2C9B446600562F5C /* 6896247 1.png */,
				6C8476802C9B446600562F5C /* At the beginning of the game, the required number of goals is indicated.png */,
				6C8476822C9B446600562F5C /* goal-1.png */,
				6C8476832C9B446600562F5C /* goal-2.png */,
				6C8476842C9B446600562F5C /* goal.png */,
				6C8476872C9B446600562F5C /* Group 6.png */,
				6C84768C2C9B446600562F5C /* Group 13.png */,
				6C84768D2C9B446600562F5C /* Group 15.png */,
				6C84768E2C9B446600562F5C /* Group 16.png */,
				6C84768F2C9B446600562F5C /* Group 17.png */,
				6C8476902C9B446600562F5C /* Group 18.png */,
				6C8476912C9B446600562F5C /* Group 19.png */,
				6C8476922C9B446600562F5C /* Group 20.png */,
				6C8476932C9B446600562F5C /* Group 31-1.png */,
				6C8476942C9B446600562F5C /* Group 31.png */,
				6C8476952C9B446600562F5C /* Group 32-1.png */,
				6C8476962C9B446600562F5C /* Group 32.png */,
				6C8476972C9B446600562F5C /* Group 33.png */,
				6C8476982C9B446600562F5C /* Group 34.png */,
				6C8476992C9B446600562F5C /* Group 35.png */,
				6C84769A2C9B446600562F5C /* Group 38.png */,
				6C84769B2C9B446600562F5C /* Group 39.png */,
				6C84769C2C9B446600562F5C /* Group 40.png */,
				6C84769D2C9B446600562F5C /* Group 41.png */,
				6C84769E2C9B446600562F5C /* Group 44.png */,
				6C84769F2C9B446600562F5C /* Group 45.png */,
				6C8476A02C9B446600562F5C /* Group.png */,
				6C8476A12C9B446600562F5C /* Popup.png */,
				6C8476A22C9B446600562F5C /* Rectangle 12.png */,
				6C8476A32C9B446600562F5C /* Rectangle 13.png */,
				6C8476A42C9B446600562F5C /* Rectangle 14.png */,
				6C8476A52C9B446600562F5C /* Rectangle 15.png */,
				6C8476A62C9B446600562F5C /* Tablo-1.png */,
				6C8476A72C9B446600562F5C /* Tablo-2.png */,
				6C8476A82C9B446600562F5C /* Tablo.png */,
				6C8476A92C9B446600562F5C /* The character is controlled using touch gestures (that is, the finger will follow the player's finger on the screen).png */,
				6C8476AA2C9B446600562F5C /* The scoreboard shows your goals, your opponent's goals and the match time.png */,
				6C8476AB2C9B446600562F5C /* Welcome to the world of football.png */,
				6C8476AC2C9B446600562F5C /* When you press the button, freezes the enemy for 1-2 seconds, giving the player a chance to score a goal.png */,
			);
			path = "1win soccer_ui";
			sourceTree = "<group>";
		};
/* End PBXGroup section */

/* Begin PBXNativeTarget section */
		6C8476632C99DFD500562F5C /* FootballKitPro */ = {
			isa = PBXNativeTarget;
			buildConfigurationList = 6C84767B2C99DFD700562F5C /* Build configuration list for PBXNativeTarget "FootballKitPro" */;
			buildPhases = (
				6C8476602C99DFD500562F5C /* Sources */,
				6C8476612C99DFD500562F5C /* Frameworks */,
				6C8476622C99DFD500562F5C /* Resources */,
			);
			buildRules = (
			);
			dependencies = (
			);
			name = FootballKitPro;
			productName = FootballKitPro;
			productReference = 6C8476642C99DFD500562F5C /* FootballKitPro.app */;
			productType = "com.apple.product-type.application";
		};
/* End PBXNativeTarget section */

/* Begin PBXProject section */
		6C84765C2C99DFD500562F5C /* Project object */ = {
			isa = PBXProject;
			attributes = {
				BuildIndependentTargetsInParallel = 1;
				LastSwiftUpdateCheck = 1540;
				LastUpgradeCheck = 1540;
				TargetAttributes = {
					6C8476632C99DFD500562F5C = {
						CreatedOnToolsVersion = 15.4;
					};
				};
			};
			buildConfigurationList = 6C84765F2C99DFD500562F5C /* Build configuration list for PBXProject "FootballKitPro" */;
			compatibilityVersion = "Xcode 14.0";
			developmentRegion = en;
			hasScannedForEncodings = 0;
			knownRegions = (
				en,
				Base,
			);
			mainGroup = 6C84765B2C99DFD500562F5C;
			productRefGroup = 6C8476652C99DFD500562F5C /* Products */;
			projectDirPath = "";
			projectRoot = "";
			targets = (
				6C8476632C99DFD500562F5C /* FootballKitPro */,
			);
		};
/* End PBXProject section */

/* Begin PBXResourcesBuildPhase section */
		6C8476622C99DFD500562F5C /* Resources */ = {
			isa = PBXResourcesBuildPhase;
			buildActionMask = 2147483647;
			files = (
				6C8476CC2C9B446600562F5C /* Group 40.png in Resources */,
				6C8476C52C9B446600562F5C /* Group 32-1.png in Resources */,
				6C8476C22C9B446600562F5C /* Group 20.png in Resources */,
				6C8476BF2C9B446600562F5C /* Group 17.png in Resources */,
				6C8476BD2C9B446600562F5C /* Group 15.png in Resources */,
				6C8476D42C9B446600562F5C /* Rectangle 14.png in Resources */,
				6C8476D52C9B446600562F5C /* Rectangle 15.png in Resources */,
				6C8476C42C9B446600562F5C /* Group 31.png in Resources */,
				6C8476C72C9B446600562F5C /* Group 33.png in Resources */,
				6C8476CB2C9B446600562F5C /* Group 39.png in Resources */,
				6C8476B72C9B446600562F5C /* Group 6.png in Resources */,
				6C8476D72C9B446600562F5C /* Tablo-2.png in Resources */,
				6C8476B02C9B446600562F5C /* At the beginning of the game, the required number of goals is indicated.png in Resources */,
				6C8476C92C9B446600562F5C /* Group 35.png in Resources */,
				6C8476CF2C9B446600562F5C /* Group 45.png in Resources */,
				6C84766A2C99DFD500562F5C /* GameScene.sks in Resources */,
				6C8476B42C9B446600562F5C /* goal.png in Resources */,
				6C8476D22C9B446600562F5C /* Rectangle 12.png in Resources */,
				6C8476C32C9B446600562F5C /* Group 31-1.png in Resources */,
				6C8476C12C9B446600562F5C /* Group 19.png in Resources */,
				6C8476CE2C9B446600562F5C /* Group 44.png in Resources */,
				6C8476DC2C9B446600562F5C /* When you press the button, freezes the enemy for 1-2 seconds, giving the player a chance to score a goal.png in Resources */,
				6C8476732C99DFD500562F5C /* Base in Resources */,
				6C8476D62C9B446600562F5C /* Tablo-1.png in Resources */,
				6C8476B22C9B446600562F5C /* goal-1.png in Resources */,
				6C8476BE2C9B446600562F5C /* Group 16.png in Resources */,
				6C8476C82C9B446600562F5C /* Group 34.png in Resources */,
				6C8476D82C9B446600562F5C /* Tablo.png in Resources */,
				6C8476D02C9B446600562F5C /* Group.png in Resources */,
				6C8476DA2C9B446600562F5C /* The scoreboard shows your goals, your opponent's goals and the match time.png in Resources */,
				6C8476752C99DFD700562F5C /* Assets.xcassets in Resources */,
				6C8476CD2C9B446600562F5C /* Group 41.png in Resources */,
				6C8476DB2C9B446600562F5C /* Welcome to the world of football.png in Resources */,
				6C8476D92C9B446600562F5C /* The character is controlled using touch gestures (that is, the finger will follow the player's finger on the screen).png in Resources */,
				6C8476AE2C9B446600562F5C /* 6896247 1-1.png in Resources */,
				6C8476BC2C9B446600562F5C /* Group 13.png in Resources */,
				6C8476D12C9B446600562F5C /* Popup.png in Resources */,
				6C8476D32C9B446600562F5C /* Rectangle 13.png in Resources */,
				6C84766C2C99DFD500562F5C /* Actions.sks in Resources */,
				6C8476B32C9B446600562F5C /* goal-2.png in Resources */,
				6C8476CA2C9B446600562F5C /* Group 38.png in Resources */,
				6C8476C02C9B446600562F5C /* Group 18.png in Resources */,
				6C8476C62C9B446600562F5C /* Group 32.png in Resources */,
				6C8476782C99DFD700562F5C /* Base in Resources */,
				6C8476AF2C9B446600562F5C /* 6896247 1.png in Resources */,
			);
			runOnlyForDeploymentPostprocessing = 0;
		};
/* End PBXResourcesBuildPhase section */

/* Begin PBXSourcesBuildPhase section */
		6C8476602C99DFD500562F5C /* Sources */ = {
			isa = PBXSourcesBuildPhase;
			buildActionMask = 2147483647;
			files = (
				6C84766E2C99DFD500562F5C /* GameScene.swift in Sources */,
				6C8476702C99DFD500562F5C /* GameViewController.swift in Sources */,
				6C8476682C99DFD500562F5C /* AppDelegate.swift in Sources */,
			);
			runOnlyForDeploymentPostprocessing = 0;
		};
/* End PBXSourcesBuildPhase section */

/* Begin PBXVariantGroup section */
		6C8476712C99DFD500562F5C /* Main.storyboard */ = {
			isa = PBXVariantGroup;
			children = (
				6C8476722C99DFD500562F5C /* Base */,
			);
			name = Main.storyboard;
			sourceTree = "<group>";
		};
		6C8476762C99DFD700562F5C /* LaunchScreen.storyboard */ = {
			isa = PBXVariantGroup;
			children = (
				6C8476772C99DFD700562F5C /* Base */,
			);
			name = LaunchScreen.storyboard;
			sourceTree = "<group>";
		};
/* End PBXVariantGroup section */

/* Begin XCBuildConfiguration section */
		6C8476792C99DFD700562F5C /* Debug */ = {
			isa = XCBuildConfiguration;
			buildSettings = {
				ALWAYS_SEARCH_USER_PATHS = NO;
				ASSETCATALOG_COMPILER_GENERATE_SWIFT_ASSET_SYMBOL_EXTENSIONS = YES;
				CLANG_ANALYZER_NONNULL = YES;
				CLANG_ANALYZER_NUMBER_OBJECT_CONVERSION = YES_AGGRESSIVE;
				CLANG_CXX_LANGUAGE_STANDARD = "gnu++20";
				CLANG_ENABLE_MODULES = YES;
				CLANG_ENABLE_OBJC_ARC = YES;
				CLANG_ENABLE_OBJC_WEAK = YES;
				CLANG_WARN_BLOCK_CAPTURE_AUTORELEASING = YES;
				CLANG_WARN_BOOL_CONVERSION = YES;
				CLANG_WARN_COMMA = YES;
				CLANG_WARN_CONSTANT_CONVERSION = YES;
				CLANG_WARN_DEPRECATED_OBJC_IMPLEMENTATIONS = YES;
				CLANG_WARN_DIRECT_OBJC_ISA_USAGE = YES_ERROR;
				CLANG_WARN_DOCUMENTATION_COMMENTS = YES;
				CLANG_WARN_EMPTY_BODY = YES;
				CLANG_WARN_ENUM_CONVERSION = YES;
				CLANG_WARN_INFINITE_RECURSION = YES;
				CLANG_WARN_INT_CONVERSION = YES;
				CLANG_WARN_NON_LITERAL_NULL_CONVERSION = YES;
				CLANG_WARN_OBJC_IMPLICIT_RETAIN_SELF = YES;
				CLANG_WARN_OBJC_LITERAL_CONVERSION = YES;
				CLANG_WARN_OBJC_ROOT_CLASS = YES_ERROR;
				CLANG_WARN_QUOTED_INCLUDE_IN_FRAMEWORK_HEADER = YES;
				CLANG_WARN_RANGE_LOOP_ANALYSIS = YES;
				CLANG_WARN_STRICT_PROTOTYPES = YES;
				CLANG_WARN_SUSPICIOUS_MOVE = YES;
				CLANG_WARN_UNGUARDED_AVAILABILITY = YES_AGGRESSIVE;
				CLANG_WARN_UNREACHABLE_CODE = YES;
				CLANG_WARN__DUPLICATE_METHOD_MATCH = YES;
				COPY_PHASE_STRIP = NO;
				DEBUG_INFORMATION_FORMAT = dwarf;
				ENABLE_STRICT_OBJC_MSGSEND = YES;
				ENABLE_TESTABILITY = YES;
				ENABLE_USER_SCRIPT_SANDBOXING = YES;
				GCC_C_LANGUAGE_STANDARD = gnu17;
				GCC_DYNAMIC_NO_PIC = NO;
				GCC_NO_COMMON_BLOCKS = YES;
				GCC_OPTIMIZATION_LEVEL = 0;
				GCC_PREPROCESSOR_DEFINITIONS = (
					"DEBUG=1",
					"$(inherited)",
				);
				GCC_WARN_64_TO_32_BIT_CONVERSION = YES;
				GCC_WARN_ABOUT_RETURN_TYPE = YES_ERROR;
				GCC_WARN_UNDECLARED_SELECTOR = YES;
				GCC_WARN_UNINITIALIZED_AUTOS = YES_AGGRESSIVE;
				GCC_WARN_UNUSED_FUNCTION = YES;
				GCC_WARN_UNUSED_VARIABLE = YES;
				IPHONEOS_DEPLOYMENT_TARGET = 17.5;
				LOCALIZATION_PREFERS_STRING_CATALOGS = YES;
				MTL_ENABLE_DEBUG_INFO = INCLUDE_SOURCE;
				MTL_FAST_MATH = YES;
				ONLY_ACTIVE_ARCH = YES;
				SDKROOT = iphoneos;
				SWIFT_ACTIVE_COMPILATION_CONDITIONS = "DEBUG $(inherited)";
				SWIFT_OPTIMIZATION_LEVEL = "-Onone";
			};
			name = Debug;
		};
		6C84767A2C99DFD700562F5C /* Release */ = {
			isa = XCBuildConfiguration;
			buildSettings = {
				ALWAYS_SEARCH_USER_PATHS = NO;
				ASSETCATALOG_COMPILER_GENERATE_SWIFT_ASSET_SYMBOL_EXTENSIONS = YES;
				CLANG_ANALYZER_NONNULL = YES;
				CLANG_ANALYZER_NUMBER_OBJECT_CONVERSION = YES_AGGRESSIVE;
				CLANG_CXX_LANGUAGE_STANDARD = "gnu++20";
				CLANG_ENABLE_MODULES = YES;
				CLANG_ENABLE_OBJC_ARC = YES;
				CLANG_ENABLE_OBJC_WEAK = YES;
				CLANG_WARN_BLOCK_CAPTURE_AUTORELEASING = YES;
				CLANG_WARN_BOOL_CONVERSION = YES;
				CLANG_WARN_COMMA = YES;
				CLANG_WARN_CONSTANT_CONVERSION = YES;
				CLANG_WARN_DEPRECATED_OBJC_IMPLEMENTATIONS = YES;
				CLANG_WARN_DIRECT_OBJC_ISA_USAGE = YES_ERROR;
				CLANG_WARN_DOCUMENTATION_COMMENTS = YES;
				CLANG_WARN_EMPTY_BODY = YES;
				CLANG_WARN_ENUM_CONVERSION = YES;
				CLANG_WARN_INFINITE_RECURSION = YES;
				CLANG_WARN_INT_CONVERSION = YES;
				CLANG_WARN_NON_LITERAL_NULL_CONVERSION = YES;
				CLANG_WARN_OBJC_IMPLICIT_RETAIN_SELF = YES;
				CLANG_WARN_OBJC_LITERAL_CONVERSION = YES;
				CLANG_WARN_OBJC_ROOT_CLASS = YES_ERROR;
				CLANG_WARN_QUOTED_INCLUDE_IN_FRAMEWORK_HEADER = YES;
				CLANG_WARN_RANGE_LOOP_ANALYSIS = YES;
				CLANG_WARN_STRICT_PROTOTYPES = YES;
				CLANG_WARN_SUSPICIOUS_MOVE = YES;
				CLANG_WARN_UNGUARDED_AVAILABILITY = YES_AGGRESSIVE;
				CLANG_WARN_UNREACHABLE_CODE = YES;
				CLANG_WARN__DUPLICATE_METHOD_MATCH = YES;
				COPY_PHASE_STRIP = NO;
				DEBUG_INFORMATION_FORMAT = "dwarf-with-dsym";
				ENABLE_NS_ASSERTIONS = NO;
				ENABLE_STRICT_OBJC_MSGSEND = YES;
				ENABLE_USER_SCRIPT_SANDBOXING = YES;
				GCC_C_LANGUAGE_STANDARD = gnu17;
				GCC_NO_COMMON_BLOCKS = YES;
				GCC_WARN_64_TO_32_BIT_CONVERSION = YES;
				GCC_WARN_ABOUT_RETURN_TYPE = YES_ERROR;
				GCC_WARN_UNDECLARED_SELECTOR = YES;
				GCC_WARN_UNINITIALIZED_AUTOS = YES_AGGRESSIVE;
				GCC_WARN_UNUSED_FUNCTION = YES;
				GCC_WARN_UNUSED_VARIABLE = YES;
				IPHONEOS_DEPLOYMENT_TARGET = 17.5;
				LOCALIZATION_PREFERS_STRING_CATALOGS = YES;
				MTL_ENABLE_DEBUG_INFO = NO;
				MTL_FAST_MATH = YES;
				SDKROOT = iphoneos;
				SWIFT_COMPILATION_MODE = wholemodule;
				VALIDATE_PRODUCT = YES;
			};
			name = Release;
		};
		6C84767C2C99DFD700562F5C /* Debug */ = {
			isa = XCBuildConfiguration;
			buildSettings = {
				ASSETCATALOG_COMPILER_APPICON_NAME = AppIcon;
				ASSETCATALOG_COMPILER_GLOBAL_ACCENT_COLOR_NAME = AccentColor;
				CODE_SIGN_STYLE = Automatic;
				CURRENT_PROJECT_VERSION = 1;
				DEVELOPMENT_TEAM = XS362S4TAX;
				GENERATE_INFOPLIST_FILE = YES;
				INFOPLIST_KEY_UIApplicationSupportsIndirectInputEvents = YES;
				INFOPLIST_KEY_UILaunchStoryboardName = LaunchScreen;
				INFOPLIST_KEY_UIMainStoryboardFile = Main;
				INFOPLIST_KEY_UIStatusBarHidden = YES;
				INFOPLIST_KEY_UISupportedInterfaceOrientations = UIInterfaceOrientationPortrait;
				IPHONEOS_DEPLOYMENT_TARGET = 16.0;
				LD_RUNPATH_SEARCH_PATHS = (
					"$(inherited)",
					"@executable_path/Frameworks",
				);
				MARKETING_VERSION = 1.0;
				PRODUCT_BUNDLE_IDENTIFIER = VadimIgnatenkoCompany.FootballKitPro;
				PRODUCT_NAME = "$(TARGET_NAME)";
				SWIFT_EMIT_LOC_STRINGS = YES;
				SWIFT_VERSION = 5.0;
				TARGETED_DEVICE_FAMILY = "1,2";
			};
			name = Debug;
		};
		6C84767D2C99DFD700562F5C /* Release */ = {
			isa = XCBuildConfiguration;
			buildSettings = {
				ASSETCATALOG_COMPILER_APPICON_NAME = AppIcon;
				ASSETCATALOG_COMPILER_GLOBAL_ACCENT_COLOR_NAME = AccentColor;
				CODE_SIGN_STYLE = Automatic;
				CURRENT_PROJECT_VERSION = 1;
				DEVELOPMENT_TEAM = XS362S4TAX;
				GENERATE_INFOPLIST_FILE = YES;
				INFOPLIST_KEY_UIApplicationSupportsIndirectInputEvents = YES;
				INFOPLIST_KEY_UILaunchStoryboardName = LaunchScreen;
				INFOPLIST_KEY_UIMainStoryboardFile = Main;
				INFOPLIST_KEY_UIStatusBarHidden = YES;
				INFOPLIST_KEY_UISupportedInterfaceOrientations = UIInterfaceOrientationPortrait;
				IPHONEOS_DEPLOYMENT_TARGET = 16.0;
				LD_RUNPATH_SEARCH_PATHS = (
					"$(inherited)",
					"@executable_path/Frameworks",
				);
				MARKETING_VERSION = 1.0;
				PRODUCT_BUNDLE_IDENTIFIER = VadimIgnatenkoCompany.FootballKitPro;
				PRODUCT_NAME = "$(TARGET_NAME)";
				SWIFT_EMIT_LOC_STRINGS = YES;
				SWIFT_VERSION = 5.0;
				TARGETED_DEVICE_FAMILY = "1,2";
			};
			name = Release;
		};
/* End XCBuildConfiguration section */

/* Begin XCConfigurationList section */
		6C84765F2C99DFD500562F5C /* Build configuration list for PBXProject "FootballKitPro" */ = {
			isa = XCConfigurationList;
			buildConfigurations = (
				6C8476792C99DFD700562F5C /* Debug */,
				6C84767A2C99DFD700562F5C /* Release */,
			);
			defaultConfigurationIsVisible = 0;
			defaultConfigurationName = Release;
		};
		6C84767B2C99DFD700562F5C /* Build configuration list for PBXNativeTarget "FootballKitPro" */ = {
			isa = XCConfigurationList;
			buildConfigurations = (
				6C84767C2C99DFD700562F5C /* Debug */,
				6C84767D2C99DFD700562F5C /* Release */,
			);
			defaultConfigurationIsVisible = 0;
			defaultConfigurationName = Release;
		};
/* End XCConfigurationList section */
	};
	rootObject = 6C84765C2C99DFD500562F5C /* Project object */;
}
